// !$*UTF8*$!
{
	archiveVersion = 1;
	classes = {
	};
	objectVersion = 48;
	objects = {

/* Begin PBXBuildFile section */
		B2107334D6E9B04024F509F7 /* Pods_TodoList.framework in Frameworks */ = {isa = PBXBuildFile; fileRef = 0EC48DD0C5B224A3D6841EC0 /* Pods_TodoList.framework */; };
		BA08774520534DCB006AABBD /* Item.swift in Sources */ = {isa = PBXBuildFile; fileRef = BA08774420534DCB006AABBD /* Item.swift */; };
		BA08774720534DDD006AABBD /* Category.swift in Sources */ = {isa = PBXBuildFile; fileRef = BA08774620534DDD006AABBD /* Category.swift */; };
		BA4160A620509CFF004D3BD2 /* CategoryTableViewController.swift in Sources */ = {isa = PBXBuildFile; fileRef = BA4160A520509CFF004D3BD2 /* CategoryTableViewController.swift */; };
		BADD3FF3204CD091008CF9FA /* AppDelegate.swift in Sources */ = {isa = PBXBuildFile; fileRef = BADD3FF2204CD091008CF9FA /* AppDelegate.swift */; };
		BADD3FF5204CD091008CF9FA /* ToDoListViewController.swift in Sources */ = {isa = PBXBuildFile; fileRef = BADD3FF4204CD091008CF9FA /* ToDoListViewController.swift */; };
		BADD3FF8204CD091008CF9FA /* Main.storyboard in Resources */ = {isa = PBXBuildFile; fileRef = BADD3FF6204CD091008CF9FA /* Main.storyboard */; };
		BADD3FFA204CD091008CF9FA /* Assets.xcassets in Resources */ = {isa = PBXBuildFile; fileRef = BADD3FF9204CD091008CF9FA /* Assets.xcassets */; };
		BADD3FFD204CD091008CF9FA /* LaunchScreen.storyboard in Resources */ = {isa = PBXBuildFile; fileRef = BADD3FFB204CD091008CF9FA /* LaunchScreen.storyboard */; };
/* End PBXBuildFile section */

/* Begin PBXFileReference section */
		0EC48DD0C5B224A3D6841EC0 /* Pods_TodoList.framework */ = {isa = PBXFileReference; explicitFileType = wrapper.framework; includeInIndex = 0; path = Pods_TodoList.framework; sourceTree = BUILT_PRODUCTS_DIR; };
		6CA5CE53A541EE9188986F7C /* Pods-TodoList.debug.xcconfig */ = {isa = PBXFileReference; includeInIndex = 1; lastKnownFileType = text.xcconfig; name = "Pods-TodoList.debug.xcconfig"; path = "Pods/Target Support Files/Pods-TodoList/Pods-TodoList.debug.xcconfig"; sourceTree = "<group>"; };
		833FEC3293FFF6D88B6DA951 /* Pods-TodoList.release.xcconfig */ = {isa = PBXFileReference; includeInIndex = 1; lastKnownFileType = text.xcconfig; name = "Pods-TodoList.release.xcconfig"; path = "Pods/Target Support Files/Pods-TodoList/Pods-TodoList.release.xcconfig"; sourceTree = "<group>"; };
		BA08774420534DCB006AABBD /* Item.swift */ = {isa = PBXFileReference; lastKnownFileType = sourcecode.swift; path = Item.swift; sourceTree = "<group>"; };
		BA08774620534DDD006AABBD /* Category.swift */ = {isa = PBXFileReference; lastKnownFileType = sourcecode.swift; path = Category.swift; sourceTree = "<group>"; };
		BA4160A520509CFF004D3BD2 /* CategoryTableViewController.swift */ = {isa = PBXFileReference; lastKnownFileType = sourcecode.swift; path = CategoryTableViewController.swift; sourceTree = "<group>"; };
		BADD3FEF204CD091008CF9FA /* TodoList.app */ = {isa = PBXFileReference; explicitFileType = wrapper.application; includeInIndex = 0; path = TodoList.app; sourceTree = BUILT_PRODUCTS_DIR; };
		BADD3FF2204CD091008CF9FA /* AppDelegate.swift */ = {isa = PBXFileReference; lastKnownFileType = sourcecode.swift; path = AppDelegate.swift; sourceTree = "<group>"; };
		BADD3FF4204CD091008CF9FA /* ToDoListViewController.swift */ = {isa = PBXFileReference; lastKnownFileType = sourcecode.swift; path = ToDoListViewController.swift; sourceTree = "<group>"; };
		BADD3FF7204CD091008CF9FA /* Base */ = {isa = PBXFileReference; lastKnownFileType = file.storyboard; name = Base; path = Base.lproj/Main.storyboard; sourceTree = "<group>"; };
		BADD3FF9204CD091008CF9FA /* Assets.xcassets */ = {isa = PBXFileReference; lastKnownFileType = folder.assetcatalog; path = Assets.xcassets; sourceTree = "<group>"; };
		BADD3FFC204CD091008CF9FA /* Base */ = {isa = PBXFileReference; lastKnownFileType = file.storyboard; name = Base; path = Base.lproj/LaunchScreen.storyboard; sourceTree = "<group>"; };
		BADD3FFE204CD091008CF9FA /* Info.plist */ = {isa = PBXFileReference; lastKnownFileType = text.plist.xml; path = Info.plist; sourceTree = "<group>"; };
/* End PBXFileReference section */

/* Begin PBXFrameworksBuildPhase section */
		BADD3FEC204CD091008CF9FA /* Frameworks */ = {
			isa = PBXFrameworksBuildPhase;
			buildActionMask = 2147483647;
			files = (
				B2107334D6E9B04024F509F7 /* Pods_TodoList.framework in Frameworks */,
			);
			runOnlyForDeploymentPostprocessing = 0;
		};
/* End PBXFrameworksBuildPhase section */

/* Begin PBXGroup section */
		0869BBD7E7913EA6053202CA /* Pods */ = {
			isa = PBXGroup;
			children = (
				6CA5CE53A541EE9188986F7C /* Pods-TodoList.debug.xcconfig */,
				833FEC3293FFF6D88B6DA951 /* Pods-TodoList.release.xcconfig */,
			);
			name = Pods;
			sourceTree = "<group>";
		};
		2C4128FE3AFC1F3F28EDD214 /* Frameworks */ = {
			isa = PBXGroup;
			children = (
				0EC48DD0C5B224A3D6841EC0 /* Pods_TodoList.framework */,
			);
			name = Frameworks;
			sourceTree = "<group>";
		};
		BADD3FE6204CD091008CF9FA = {
			isa = PBXGroup;
			children = (
				BADD3FF1204CD091008CF9FA /* TodoList */,
				BADD3FF0204CD091008CF9FA /* Products */,
				0869BBD7E7913EA6053202CA /* Pods */,
				2C4128FE3AFC1F3F28EDD214 /* Frameworks */,
			);
			sourceTree = "<group>";
		};
		BADD3FF0204CD091008CF9FA /* Products */ = {
			isa = PBXGroup;
			children = (
				BADD3FEF204CD091008CF9FA /* TodoList.app */,
			);
			name = Products;
			sourceTree = "<group>";
		};
		BADD3FF1204CD091008CF9FA /* TodoList */ = {
			isa = PBXGroup;
			children = (
				BADD3FF2204CD091008CF9FA /* AppDelegate.swift */,
				BADD4007204CF811008CF9FA /* Controller */,
				BADD4006204CF7E9008CF9FA /* Data Model */,
				BADD4008204CF81B008CF9FA /* Views */,
				BADD4009204CF83E008CF9FA /* Supporting files */,
				BADD3FFE204CD091008CF9FA /* Info.plist */,
			);
			path = TodoList;
			sourceTree = "<group>";
		};
		BADD4006204CF7E9008CF9FA /* Data Model */ = {
			isa = PBXGroup;
			children = (
				BA08774620534DDD006AABBD /* Category.swift */,
				BA08774420534DCB006AABBD /* Item.swift */,
			);
			path = "Data Model";
			sourceTree = "<group>";
		};
		BADD4007204CF811008CF9FA /* Controller */ = {
			isa = PBXGroup;
			children = (
				BA4160A520509CFF004D3BD2 /* CategoryTableViewController.swift */,
				BADD3FF4204CD091008CF9FA /* ToDoListViewController.swift */,
			);
			path = Controller;
			sourceTree = "<group>";
		};
		BADD4008204CF81B008CF9FA /* Views */ = {
			isa = PBXGroup;
			children = (
				BADD3FF6204CD091008CF9FA /* Main.storyboard */,
			);
			path = Views;
			sourceTree = "<group>";
		};
		BADD4009204CF83E008CF9FA /* Supporting files */ = {
			isa = PBXGroup;
			children = (
				BADD3FF9204CD091008CF9FA /* Assets.xcassets */,
				BADD3FFB204CD091008CF9FA /* LaunchScreen.storyboard */,
			);
			path = "Supporting files";
			sourceTree = "<group>";
		};
/* End PBXGroup section */

/* Begin PBXNativeTarget section */
		BADD3FEE204CD091008CF9FA /* TodoList */ = {
			isa = PBXNativeTarget;
			buildConfigurationList = BADD4001204CD091008CF9FA /* Build configuration list for PBXNativeTarget "TodoList" */;
			buildPhases = (
				3FD2B146A49B561C9C7D814B /* [CP] Check Pods Manifest.lock */,
				BADD3FEB204CD091008CF9FA /* Sources */,
				BADD3FEC204CD091008CF9FA /* Frameworks */,
				BADD3FED204CD091008CF9FA /* Resources */,
				58B781BC27EC1D89052DBC54 /* [CP] Embed Pods Frameworks */,
				CF1EE612D7A904DA60BC3556 /* [CP] Copy Pods Resources */,
			);
			buildRules = (
			);
			dependencies = (
			);
			name = TodoList;
			productName = TodoList;
			productReference = BADD3FEF204CD091008CF9FA /* TodoList.app */;
			productType = "com.apple.product-type.application";
		};
/* End PBXNativeTarget section */

/* Begin PBXProject section */
		BADD3FE7204CD091008CF9FA /* Project object */ = {
			isa = PBXProject;
			attributes = {
				LastSwiftUpdateCheck = 0920;
				LastUpgradeCheck = 0920;
				ORGANIZATIONNAME = "Fiona Miao";
				TargetAttributes = {
					BADD3FEE204CD091008CF9FA = {
						CreatedOnToolsVersion = 9.2;
						ProvisioningStyle = Automatic;
					};
				};
			};
			buildConfigurationList = BADD3FEA204CD091008CF9FA /* Build configuration list for PBXProject "TodoList" */;
			compatibilityVersion = "Xcode 8.0";
			developmentRegion = en;
			hasScannedForEncodings = 0;
			knownRegions = (
				en,
				Base,
			);
			mainGroup = BADD3FE6204CD091008CF9FA;
			productRefGroup = BADD3FF0204CD091008CF9FA /* Products */;
			projectDirPath = "";
			projectRoot = "";
			targets = (
				BADD3FEE204CD091008CF9FA /* TodoList */,
			);
		};
/* End PBXProject section */

/* Begin PBXResourcesBuildPhase section */
		BADD3FED204CD091008CF9FA /* Resources */ = {
			isa = PBXResourcesBuildPhase;
			buildActionMask = 2147483647;
			files = (
				BADD3FFD204CD091008CF9FA /* LaunchScreen.storyboard in Resources */,
				BADD3FFA204CD091008CF9FA /* Assets.xcassets in Resources */,
				BADD3FF8204CD091008CF9FA /* Main.storyboard in Resources */,
			);
			runOnlyForDeploymentPostprocessing = 0;
		};
/* End PBXResourcesBuildPhase section */

/* Begin PBXShellScriptBuildPhase section */
		3FD2B146A49B561C9C7D814B /* [CP] Check Pods Manifest.lock */ = {
			isa = PBXShellScriptBuildPhase;
			buildActionMask = 2147483647;
			files = (
			);
			inputPaths = (
				"${PODS_PODFILE_DIR_PATH}/Podfile.lock",
				"${PODS_ROOT}/Manifest.lock",
			);
			name = "[CP] Check Pods Manifest.lock";
			outputPaths = (
				"$(DERIVED_FILE_DIR)/Pods-TodoList-checkManifestLockResult.txt",
			);
			runOnlyForDeploymentPostprocessing = 0;
			shellPath = /bin/sh;
			shellScript = "diff \"${PODS_PODFILE_DIR_PATH}/Podfile.lock\" \"${PODS_ROOT}/Manifest.lock\" > /dev/null\nif [ $? != 0 ] ; then\n    # print error to STDERR\n    echo \"error: The sandbox is not in sync with the Podfile.lock. Run 'pod install' or update your CocoaPods installation.\" >&2\n    exit 1\nfi\n# This output is used by Xcode 'outputs' to avoid re-running this script phase.\necho \"SUCCESS\" > \"${SCRIPT_OUTPUT_FILE_0}\"\n";
			showEnvVarsInLog = 0;
		};
		58B781BC27EC1D89052DBC54 /* [CP] Embed Pods Frameworks */ = {
			isa = PBXShellScriptBuildPhase;
			buildActionMask = 2147483647;
			files = (
			);
			inputPaths = (
				"${SRCROOT}/Pods/Target Support Files/Pods-TodoList/Pods-TodoList-frameworks.sh",
				"${BUILT_PRODUCTS_DIR}/Realm/Realm.framework",
				"${BUILT_PRODUCTS_DIR}/RealmSwift/RealmSwift.framework",
			);
			name = "[CP] Embed Pods Frameworks";
			outputPaths = (
				"${TARGET_BUILD_DIR}/${FRAMEWORKS_FOLDER_PATH}/Realm.framework",
				"${TARGET_BUILD_DIR}/${FRAMEWORKS_FOLDER_PATH}/RealmSwift.framework",
			);
			runOnlyForDeploymentPostprocessing = 0;
			shellPath = /bin/sh;
			shellScript = "\"${SRCROOT}/Pods/Target Support Files/Pods-TodoList/Pods-TodoList-frameworks.sh\"\n";
			showEnvVarsInLog = 0;
		};
		CF1EE612D7A904DA60BC3556 /* [CP] Copy Pods Resources */ = {
			isa = PBXShellScriptBuildPhase;
			buildActionMask = 2147483647;
			files = (
			);
			inputPaths = (
			);
			name = "[CP] Copy Pods Resources";
			outputPaths = (
			);
			runOnlyForDeploymentPostprocessing = 0;
			shellPath = /bin/sh;
			shellScript = "\"${SRCROOT}/Pods/Target Support Files/Pods-TodoList/Pods-TodoList-resources.sh\"\n";
			showEnvVarsInLog = 0;
		};
/* End PBXShellScriptBuildPhase section */

/* Begin PBXSourcesBuildPhase section */
		BADD3FEB204CD091008CF9FA /* Sources */ = {
			isa = PBXSourcesBuildPhase;
			buildActionMask = 2147483647;
			files = (
				BA08774520534DCB006AABBD /* Item.swift in Sources */,
				BADD3FF5204CD091008CF9FA /* ToDoListViewController.swift in Sources */,
				BADD3FF3204CD091008CF9FA /* AppDelegate.swift in Sources */,
				BA4160A620509CFF004D3BD2 /* CategoryTableViewController.swift in Sources */,
				BA08774720534DDD006AABBD /* Category.swift in Sources */,
			);
			runOnlyForDeploymentPostprocessing = 0;
		};
/* End PBXSourcesBuildPhase section */

/* Begin PBXVariantGroup section */
		BADD3FF6204CD091008CF9FA /* Main.storyboard */ = {
			isa = PBXVariantGroup;
			children = (
				BADD3FF7204CD091008CF9FA /* Base */,
			);
			name = Main.storyboard;
			sourceTree = "<group>";
		};
		BADD3FFB204CD091008CF9FA /* LaunchScreen.storyboard */ = {
			isa = PBXVariantGroup;
			children = (
				BADD3FFC204CD091008CF9FA /* Base */,
			);
			name = LaunchScreen.storyboard;
			sourceTree = "<group>";
		};
/* End PBXVariantGroup section */

/* Begin XCBuildConfiguration section */
		BADD3FFF204CD091008CF9FA /* Debug */ = {
			isa = XCBuildConfiguration;
			buildSettings = {
				ALWAYS_SEARCH_USER_PATHS = NO;
				CLANG_ANALYZER_NONNULL = YES;
				CLANG_ANALYZER_NUMBER_OBJECT_CONVERSION = YES_AGGRESSIVE;
				CLANG_CXX_LANGUAGE_STANDARD = "gnu++14";
				CLANG_CXX_LIBRARY = "libc++";
				CLANG_ENABLE_MODULES = YES;
				CLANG_ENABLE_OBJC_ARC = YES;
				CLANG_WARN_BLOCK_CAPTURE_AUTORELEASING = YES;
				CLANG_WARN_BOOL_CONVERSION = YES;
				CLANG_WARN_COMMA = YES;
				CLANG_WARN_CONSTANT_CONVERSION = YES;
				CLANG_WARN_DIRECT_OBJC_ISA_USAGE = YES_ERROR;
				CLANG_WARN_DOCUMENTATION_COMMENTS = YES;
				CLANG_WARN_EMPTY_BODY = YES;
				CLANG_WARN_ENUM_CONVERSION = YES;
				CLANG_WARN_INFINITE_RECURSION = YES;
				CLANG_WARN_INT_CONVERSION = YES;
				CLANG_WARN_NON_LITERAL_NULL_CONVERSION = YES;
				CLANG_WARN_OBJC_LITERAL_CONVERSION = YES;
				CLANG_WARN_OBJC_ROOT_CLASS = YES_ERROR;
				CLANG_WARN_RANGE_LOOP_ANALYSIS = YES;
				CLANG_WARN_STRICT_PROTOTYPES = YES;
				CLANG_WARN_SUSPICIOUS_MOVE = YES;
				CLANG_WARN_UNGUARDED_AVAILABILITY = YES_AGGRESSIVE;
				CLANG_WARN_UNREACHABLE_CODE = YES;
				CLANG_WARN__DUPLICATE_METHOD_MATCH = YES;
				CODE_SIGN_IDENTITY = "iPhone Developer";
				COPY_PHASE_STRIP = NO;
				DEBUG_INFORMATION_FORMAT = dwarf;
				ENABLE_STRICT_OBJC_MSGSEND = YES;
				ENABLE_TESTABILITY = YES;
				GCC_C_LANGUAGE_STANDARD = gnu11;
				GCC_DYNAMIC_NO_PIC = NO;
				GCC_NO_COMMON_BLOCKS = YES;
				GCC_OPTIMIZATION_LEVEL = 0;
				GCC_PREPROCESSOR_DEFINITIONS = (
					"DEBUG=1",
					"$(inherited)",
				);
				GCC_WARN_64_TO_32_BIT_CONVERSION = YES;
				GCC_WARN_ABOUT_RETURN_TYPE = YES_ERROR;
				GCC_WARN_UNDECLARED_SELECTOR = YES;
				GCC_WARN_UNINITIALIZED_AUTOS = YES_AGGRESSIVE;
				GCC_WARN_UNUSED_FUNCTION = YES;
				GCC_WARN_UNUSED_VARIABLE = YES;
				IPHONEOS_DEPLOYMENT_TARGET = 11.2;
				MTL_ENABLE_DEBUG_INFO = YES;
				ONLY_ACTIVE_ARCH = YES;
				SDKROOT = iphoneos;
				SWIFT_ACTIVE_COMPILATION_CONDITIONS = DEBUG;
				SWIFT_OPTIMIZATION_LEVEL = "-Onone";
			};
			name = Debug;
		};
		BADD4000204CD091008CF9FA /* Release */ = {
			isa = XCBuildConfiguration;
			buildSettings = {
				ALWAYS_SEARCH_USER_PATHS = NO;
				CLANG_ANALYZER_NONNULL = YES;
				CLANG_ANALYZER_NUMBER_OBJECT_CONVERSION = YES_AGGRESSIVE;
				CLANG_CXX_LANGUAGE_STANDARD = "gnu++14";
				CLANG_CXX_LIBRARY = "libc++";
				CLANG_ENABLE_MODULES = YES;
				CLANG_ENABLE_OBJC_ARC = YES;
				CLANG_WARN_BLOCK_CAPTURE_AUTORELEASING = YES;
				CLANG_WARN_BOOL_CONVERSION = YES;
				CLANG_WARN_COMMA = YES;
				CLANG_WARN_CONSTANT_CONVERSION = YES;
				CLANG_WARN_DIRECT_OBJC_ISA_USAGE = YES_ERROR;
				CLANG_WARN_DOCUMENTATION_COMMENTS = YES;
				CLANG_WARN_EMPTY_BODY = YES;
				CLANG_WARN_ENUM_CONVERSION = YES;
				CLANG_WARN_INFINITE_RECURSION = YES;
				CLANG_WARN_INT_CONVERSION = YES;
				CLANG_WARN_NON_LITERAL_NULL_CONVERSION = YES;
				CLANG_WARN_OBJC_LITERAL_CONVERSION = YES;
				CLANG_WARN_OBJC_ROOT_CLASS = YES_ERROR;
				CLANG_WARN_RANGE_LOOP_ANALYSIS = YES;
				CLANG_WARN_STRICT_PROTOTYPES = YES;
				CLANG_WARN_SUSPICIOUS_MOVE = YES;
				CLANG_WARN_UNGUARDED_AVAILABILITY = YES_AGGRESSIVE;
				CLANG_WARN_UNREACHABLE_CODE = YES;
				CLANG_WARN__DUPLICATE_METHOD_MATCH = YES;
				CODE_SIGN_IDENTITY = "iPhone Developer";
				COPY_PHASE_STRIP = NO;
				DEBUG_INFORMATION_FORMAT = "dwarf-with-dsym";
				ENABLE_NS_ASSERTIONS = NO;
				ENABLE_STRICT_OBJC_MSGSEND = YES;
				GCC_C_LANGUAGE_STANDARD = gnu11;
				GCC_NO_COMMON_BLOCKS = YES;
				GCC_WARN_64_TO_32_BIT_CONVERSION = YES;
				GCC_WARN_ABOUT_RETURN_TYPE = YES_ERROR;
				GCC_WARN_UNDECLARED_SELECTOR = YES;
				GCC_WARN_UNINITIALIZED_AUTOS = YES_AGGRESSIVE;
				GCC_WARN_UNUSED_FUNCTION = YES;
				GCC_WARN_UNUSED_VARIABLE = YES;
				IPHONEOS_DEPLOYMENT_TARGET = 11.2;
				MTL_ENABLE_DEBUG_INFO = NO;
				SDKROOT = iphoneos;
				SWIFT_OPTIMIZATION_LEVEL = "-Owholemodule";
				VALIDATE_PRODUCT = YES;
			};
			name = Release;
		};
		BADD4002204CD091008CF9FA /* Debug */ = {
			isa = XCBuildConfiguration;
			baseConfigurationReference = 6CA5CE53A541EE9188986F7C /* Pods-TodoList.debug.xcconfig */;
			buildSettings = {
				ASSETCATALOG_COMPILER_APPICON_NAME = AppIcon;
				CODE_SIGN_STYLE = Automatic;
				INFOPLIST_FILE = TodoList/Info.plist;
				LD_RUNPATH_SEARCH_PATHS = "$(inherited) @executable_path/Frameworks";
				PRODUCT_BUNDLE_IDENTIFIER = com.miaomiao.TodoList;
				PRODUCT_NAME = "$(TARGET_NAME)";
				SWIFT_VERSION = 4.0;
				TARGETED_DEVICE_FAMILY = "1,2";
			};
			name = Debug;
		};
		BADD4003204CD091008CF9FA /* Release */ = {
			isa = XCBuildConfiguration;
			baseConfigurationReference = 833FEC3293FFF6D88B6DA951 /* Pods-TodoList.release.xcconfig */;
			buildSettings = {
				ASSETCATALOG_COMPILER_APPICON_NAME = AppIcon;
				CODE_SIGN_STYLE = Automatic;
				INFOPLIST_FILE = TodoList/Info.plist;
				LD_RUNPATH_SEARCH_PATHS = "$(inherited) @executable_path/Frameworks";
				PRODUCT_BUNDLE_IDENTIFIER = com.miaomiao.TodoList;
				PRODUCT_NAME = "$(TARGET_NAME)";
				SWIFT_VERSION = 4.0;
				TARGETED_DEVICE_FAMILY = "1,2";
			};
			name = Release;
		};
/* End XCBuildConfiguration section */

/* Begin XCConfigurationList section */
		BADD3FEA204CD091008CF9FA /* Build configuration list for PBXProject "TodoList" */ = {
			isa = XCConfigurationList;
			buildConfigurations = (
				BADD3FFF204CD091008CF9FA /* Debug */,
				BADD4000204CD091008CF9FA /* Release */,
			);
			defaultConfigurationIsVisible = 0;
			defaultConfigurationName = Release;
		};
		BADD4001204CD091008CF9FA /* Build configuration list for PBXNativeTarget "TodoList" */ = {
			isa = XCConfigurationList;
			buildConfigurations = (
				BADD4002204CD091008CF9FA /* Debug */,
				BADD4003204CD091008CF9FA /* Release */,
			);
			defaultConfigurationIsVisible = 0;
			defaultConfigurationName = Release;
		};
/* End XCConfigurationList section */
	};
	rootObject = BADD3FE7204CD091008CF9FA /* Project object */;
}
